
Microsoft Visual Studio Solution File, Format Version 12.00
# Visual Studio Version 16
VisualStudioVersion = 16.0.30711.63
MinimumVisualStudioVersion = 10.0.40219.1
Project("{FAE04EC0-301F-11D3-BF4B-00C04F79EFBC}") = "OOP3", "OOP3\OOP3.csproj", "{EC1888AC-F4E0-45B1-9A3C-CCB03DA42FD7}"
EndProject
Global
	GlobalSection(SolutionConfigurationPlatforms) = preSolution
		Debug|Any CPU = Debug|Any CPU
		Release|Any CPU = Release|Any CPU
	EndGlobalSection
	GlobalSection(ProjectConfigurationPlatforms) = postSolution
		{EC1888AC-F4E0-45B1-9A3C-CCB03DA42FD7}.Debug|Any CPU.ActiveCfg = Debug|Any CPU
		{EC1888AC-F4E0-45B1-9A3C-CCB03DA42FD7}.Debug|Any CPU.Build.0 = Debug|Any CPU
		{EC1888AC-F4E0-45B1-9A3C-CCB03DA42FD7}.Release|Any CPU.ActiveCfg = Release|Any CPU
		{EC1888AC-F4E0-45B1-9A3C-CCB03DA42FD7}.Release|Any CPU.Build.0 = Release|Any CPU
	EndGlobalSection
	GlobalSection(SolutionProperties) = preSolution
		HideSolutionNode = FALSE
	EndGlobalSection
	GlobalSection(ExtensibilityGlobals) = postSolution
		SolutionGuid = {D633F675-9D54-4AB8-BDFE-E6A21F9596CE}
	EndGlobalSection
EndGlobal
